// !$*UTF8*$!
{
	archiveVersion = 1;
	classes = {
	};
	objectVersion = 50;
	objects = {

/* Begin PBXBuildFile section */
		331C24F5232FFBD900CCD151 /* AppDelegate.swift in Sources */ = {isa = PBXBuildFile; fileRef = 331C24F4232FFBD900CCD151 /* AppDelegate.swift */; };
		331C24F7232FFBD900CCD151 /* SceneDelegate.swift in Sources */ = {isa = PBXBuildFile; fileRef = 331C24F6232FFBD900CCD151 /* SceneDelegate.swift */; };
		331C24F9232FFBD900CCD151 /* ContentView.swift in Sources */ = {isa = PBXBuildFile; fileRef = 331C24F8232FFBD900CCD151 /* ContentView.swift */; };
		331C24FB232FFBDA00CCD151 /* Assets.xcassets in Resources */ = {isa = PBXBuildFile; fileRef = 331C24FA232FFBDA00CCD151 /* Assets.xcassets */; };
		331C24FE232FFBDA00CCD151 /* Preview Assets.xcassets in Resources */ = {isa = PBXBuildFile; fileRef = 331C24FD232FFBDA00CCD151 /* Preview Assets.xcassets */; };
		331C2501232FFBDA00CCD151 /* LaunchScreen.storyboard in Resources */ = {isa = PBXBuildFile; fileRef = 331C24FF232FFBDA00CCD151 /* LaunchScreen.storyboard */; };
		331C250C232FFBDA00CCD151 /* TrekbookTests.swift in Sources */ = {isa = PBXBuildFile; fileRef = 331C250B232FFBDA00CCD151 /* TrekbookTests.swift */; };
		331C2517232FFBDA00CCD151 /* TrekbookUITests.swift in Sources */ = {isa = PBXBuildFile; fileRef = 331C2516232FFBDA00CCD151 /* TrekbookUITests.swift */; };
/* End PBXBuildFile section */

/* Begin PBXContainerItemProxy section */
		331C2508232FFBDA00CCD151 /* PBXContainerItemProxy */ = {
			isa = PBXContainerItemProxy;
			containerPortal = 331C24E9232FFBD900CCD151 /* Project object */;
			proxyType = 1;
			remoteGlobalIDString = 331C24F0232FFBD900CCD151;
			remoteInfo = Trekbook;
		};
		331C2513232FFBDA00CCD151 /* PBXContainerItemProxy */ = {
			isa = PBXContainerItemProxy;
			containerPortal = 331C24E9232FFBD900CCD151 /* Project object */;
			proxyType = 1;
			remoteGlobalIDString = 331C24F0232FFBD900CCD151;
			remoteInfo = Trekbook;
		};
/* End PBXContainerItemProxy section */

/* Begin PBXFileReference section */
		331C24F1232FFBD900CCD151 /* Trekbook.app */ = {isa = PBXFileReference; explicitFileType = wrapper.application; includeInIndex = 0; path = Trekbook.app; sourceTree = BUILT_PRODUCTS_DIR; };
		331C24F4232FFBD900CCD151 /* AppDelegate.swift */ = {isa = PBXFileReference; lastKnownFileType = sourcecode.swift; path = AppDelegate.swift; sourceTree = "<group>"; };
		331C24F6232FFBD900CCD151 /* SceneDelegate.swift */ = {isa = PBXFileReference; lastKnownFileType = sourcecode.swift; path = SceneDelegate.swift; sourceTree = "<group>"; };
		331C24F8232FFBD900CCD151 /* ContentView.swift */ = {isa = PBXFileReference; lastKnownFileType = sourcecode.swift; path = ContentView.swift; sourceTree = "<group>"; };
		331C24FA232FFBDA00CCD151 /* Assets.xcassets */ = {isa = PBXFileReference; lastKnownFileType = folder.assetcatalog; path = Assets.xcassets; sourceTree = "<group>"; };
		331C24FD232FFBDA00CCD151 /* Preview Assets.xcassets */ = {isa = PBXFileReference; lastKnownFileType = folder.assetcatalog; path = "Preview Assets.xcassets"; sourceTree = "<group>"; };
		331C2500232FFBDA00CCD151 /* Base */ = {isa = PBXFileReference; lastKnownFileType = file.storyboard; name = Base; path = Base.lproj/LaunchScreen.storyboard; sourceTree = "<group>"; };
		331C2502232FFBDA00CCD151 /* Info.plist */ = {isa = PBXFileReference; lastKnownFileType = text.plist.xml; path = Info.plist; sourceTree = "<group>"; };
		331C2507232FFBDA00CCD151 /* TrekbookTests.xctest */ = {isa = PBXFileReference; explicitFileType = wrapper.cfbundle; includeInIndex = 0; path = TrekbookTests.xctest; sourceTree = BUILT_PRODUCTS_DIR; };
		331C250B232FFBDA00CCD151 /* TrekbookTests.swift */ = {isa = PBXFileReference; lastKnownFileType = sourcecode.swift; path = TrekbookTests.swift; sourceTree = "<group>"; };
		331C250D232FFBDA00CCD151 /* Info.plist */ = {isa = PBXFileReference; lastKnownFileType = text.plist.xml; path = Info.plist; sourceTree = "<group>"; };
		331C2512232FFBDA00CCD151 /* TrekbookUITests.xctest */ = {isa = PBXFileReference; explicitFileType = wrapper.cfbundle; includeInIndex = 0; path = TrekbookUITests.xctest; sourceTree = BUILT_PRODUCTS_DIR; };
		331C2516232FFBDA00CCD151 /* TrekbookUITests.swift */ = {isa = PBXFileReference; lastKnownFileType = sourcecode.swift; path = TrekbookUITests.swift; sourceTree = "<group>"; };
		331C2518232FFBDA00CCD151 /* Info.plist */ = {isa = PBXFileReference; lastKnownFileType = text.plist.xml; path = Info.plist; sourceTree = "<group>"; };
/* End PBXFileReference section */

/* Begin PBXFrameworksBuildPhase section */
		331C24EE232FFBD900CCD151 /* Frameworks */ = {
			isa = PBXFrameworksBuildPhase;
			buildActionMask = 2147483647;
			files = (
			);
			runOnlyForDeploymentPostprocessing = 0;
		};
		331C2504232FFBDA00CCD151 /* Frameworks */ = {
			isa = PBXFrameworksBuildPhase;
			buildActionMask = 2147483647;
			files = (
			);
			runOnlyForDeploymentPostprocessing = 0;
		};
		331C250F232FFBDA00CCD151 /* Frameworks */ = {
			isa = PBXFrameworksBuildPhase;
			buildActionMask = 2147483647;
			files = (
			);
			runOnlyForDeploymentPostprocessing = 0;
		};
/* End PBXFrameworksBuildPhase section */

/* Begin PBXGroup section */
		331C24E8232FFBD900CCD151 = {
			isa = PBXGroup;
			children = (
				331C24F3232FFBD900CCD151 /* Trekbook */,
				331C250A232FFBDA00CCD151 /* TrekbookTests */,
				331C2515232FFBDA00CCD151 /* TrekbookUITests */,
				331C24F2232FFBD900CCD151 /* Products */,
			);
			sourceTree = "<group>";
		};
		331C24F2232FFBD900CCD151 /* Products */ = {
			isa = PBXGroup;
			children = (
				331C24F1232FFBD900CCD151 /* Trekbook.app */,
				331C2507232FFBDA00CCD151 /* TrekbookTests.xctest */,
				331C2512232FFBDA00CCD151 /* TrekbookUITests.xctest */,
			);
			name = Products;
			sourceTree = "<group>";
		};
		331C24F3232FFBD900CCD151 /* Trekbook */ = {
			isa = PBXGroup;
			children = (
				331C24F4232FFBD900CCD151 /* AppDelegate.swift */,
				331C24F6232FFBD900CCD151 /* SceneDelegate.swift */,
				331C24F8232FFBD900CCD151 /* ContentView.swift */,
				331C24FA232FFBDA00CCD151 /* Assets.xcassets */,
				331C24FF232FFBDA00CCD151 /* LaunchScreen.storyboard */,
				331C2502232FFBDA00CCD151 /* Info.plist */,
				331C24FC232FFBDA00CCD151 /* Preview Content */,
			);
			path = Trekbook;
			sourceTree = "<group>";
		};
		331C24FC232FFBDA00CCD151 /* Preview Content */ = {
			isa = PBXGroup;
			children = (
				331C24FD232FFBDA00CCD151 /* Preview Assets.xcassets */,
			);
			path = "Preview Content";
			sourceTree = "<group>";
		};
		331C250A232FFBDA00CCD151 /* TrekbookTests */ = {
			isa = PBXGroup;
			children = (
				331C250B232FFBDA00CCD151 /* TrekbookTests.swift */,
				331C250D232FFBDA00CCD151 /* Info.plist */,
			);
			path = TrekbookTests;
			sourceTree = "<group>";
		};
		331C2515232FFBDA00CCD151 /* TrekbookUITests */ = {
			isa = PBXGroup;
			children = (
				331C2516232FFBDA00CCD151 /* TrekbookUITests.swift */,
				331C2518232FFBDA00CCD151 /* Info.plist */,
			);
			path = TrekbookUITests;
			sourceTree = "<group>";
		};
/* End PBXGroup section */

/* Begin PBXNativeTarget section */
		331C24F0232FFBD900CCD151 /* Trekbook */ = {
			isa = PBXNativeTarget;
			buildConfigurationList = 331C251B232FFBDA00CCD151 /* Build configuration list for PBXNativeTarget "Trekbook" */;
			buildPhases = (
				331C24ED232FFBD900CCD151 /* Sources */,
				331C24EE232FFBD900CCD151 /* Frameworks */,
				331C24EF232FFBD900CCD151 /* Resources */,
			);
			buildRules = (
			);
			dependencies = (
			);
			name = Trekbook;
			productName = Trekbook;
			productReference = 331C24F1232FFBD900CCD151 /* Trekbook.app */;
			productType = "com.apple.product-type.application";
		};
		331C2506232FFBDA00CCD151 /* TrekbookTests */ = {
			isa = PBXNativeTarget;
			buildConfigurationList = 331C251E232FFBDA00CCD151 /* Build configuration list for PBXNativeTarget "TrekbookTests" */;
			buildPhases = (
				331C2503232FFBDA00CCD151 /* Sources */,
				331C2504232FFBDA00CCD151 /* Frameworks */,
				331C2505232FFBDA00CCD151 /* Resources */,
			);
			buildRules = (
			);
			dependencies = (
				331C2509232FFBDA00CCD151 /* PBXTargetDependency */,
			);
			name = TrekbookTests;
			productName = TrekbookTests;
			productReference = 331C2507232FFBDA00CCD151 /* TrekbookTests.xctest */;
			productType = "com.apple.product-type.bundle.unit-test";
		};
		331C2511232FFBDA00CCD151 /* TrekbookUITests */ = {
			isa = PBXNativeTarget;
			buildConfigurationList = 331C2521232FFBDA00CCD151 /* Build configuration list for PBXNativeTarget "TrekbookUITests" */;
			buildPhases = (
				331C250E232FFBDA00CCD151 /* Sources */,
				331C250F232FFBDA00CCD151 /* Frameworks */,
				331C2510232FFBDA00CCD151 /* Resources */,
			);
			buildRules = (
			);
			dependencies = (
				331C2514232FFBDA00CCD151 /* PBXTargetDependency */,
			);
			name = TrekbookUITests;
			productName = TrekbookUITests;
			productReference = 331C2512232FFBDA00CCD151 /* TrekbookUITests.xctest */;
			productType = "com.apple.product-type.bundle.ui-testing";
		};
/* End PBXNativeTarget section */

/* Begin PBXProject section */
		331C24E9232FFBD900CCD151 /* Project object */ = {
			isa = PBXProject;
			attributes = {
				LastSwiftUpdateCheck = 1100;
				LastUpgradeCheck = 1100;
				ORGANIZATIONNAME = Trekbook;
				TargetAttributes = {
					331C24F0232FFBD900CCD151 = {
						CreatedOnToolsVersion = 11.0;
					};
					331C2506232FFBDA00CCD151 = {
						CreatedOnToolsVersion = 11.0;
						TestTargetID = 331C24F0232FFBD900CCD151;
					};
					331C2511232FFBDA00CCD151 = {
						CreatedOnToolsVersion = 11.0;
						TestTargetID = 331C24F0232FFBD900CCD151;
					};
				};
			};
			buildConfigurationList = 331C24EC232FFBD900CCD151 /* Build configuration list for PBXProject "Trekbook" */;
			compatibilityVersion = "Xcode 9.3";
			developmentRegion = en;
			hasScannedForEncodings = 0;
			knownRegions = (
				en,
				Base,
			);
			mainGroup = 331C24E8232FFBD900CCD151;
			productRefGroup = 331C24F2232FFBD900CCD151 /* Products */;
			projectDirPath = "";
			projectRoot = "";
			targets = (
				331C24F0232FFBD900CCD151 /* Trekbook */,
				331C2506232FFBDA00CCD151 /* TrekbookTests */,
				331C2511232FFBDA00CCD151 /* TrekbookUITests */,
			);
		};
/* End PBXProject section */

/* Begin PBXResourcesBuildPhase section */
		331C24EF232FFBD900CCD151 /* Resources */ = {
			isa = PBXResourcesBuildPhase;
			buildActionMask = 2147483647;
			files = (
				331C2501232FFBDA00CCD151 /* LaunchScreen.storyboard in Resources */,
				331C24FE232FFBDA00CCD151 /* Preview Assets.xcassets in Resources */,
				331C24FB232FFBDA00CCD151 /* Assets.xcassets in Resources */,
			);
			runOnlyForDeploymentPostprocessing = 0;
		};
		331C2505232FFBDA00CCD151 /* Resources */ = {
			isa = PBXResourcesBuildPhase;
			buildActionMask = 2147483647;
			files = (
			);
			runOnlyForDeploymentPostprocessing = 0;
		};
		331C2510232FFBDA00CCD151 /* Resources */ = {
			isa = PBXResourcesBuildPhase;
			buildActionMask = 2147483647;
			files = (
			);
			runOnlyForDeploymentPostprocessing = 0;
		};
/* End PBXResourcesBuildPhase section */

/* Begin PBXSourcesBuildPhase section */
		331C24ED232FFBD900CCD151 /* Sources */ = {
			isa = PBXSourcesBuildPhase;
			buildActionMask = 2147483647;
			files = (
				331C24F5232FFBD900CCD151 /* AppDelegate.swift in Sources */,
				331C24F7232FFBD900CCD151 /* SceneDelegate.swift in Sources */,
				331C24F9232FFBD900CCD151 /* ContentView.swift in Sources */,
			);
			runOnlyForDeploymentPostprocessing = 0;
		};
		331C2503232FFBDA00CCD151 /* Sources */ = {
			isa = PBXSourcesBuildPhase;
			buildActionMask = 2147483647;
			files = (
				331C250C232FFBDA00CCD151 /* TrekbookTests.swift in Sources */,
			);
			runOnlyForDeploymentPostprocessing = 0;
		};
		331C250E232FFBDA00CCD151 /* Sources */ = {
			isa = PBXSourcesBuildPhase;
			buildActionMask = 2147483647;
			files = (
				331C2517232FFBDA00CCD151 /* TrekbookUITests.swift in Sources */,
			);
			runOnlyForDeploymentPostprocessing = 0;
		};
/* End PBXSourcesBuildPhase section */

/* Begin PBXTargetDependency section */
		331C2509232FFBDA00CCD151 /* PBXTargetDependency */ = {
			isa = PBXTargetDependency;
			target = 331C24F0232FFBD900CCD151 /* Trekbook */;
			targetProxy = 331C2508232FFBDA00CCD151 /* PBXContainerItemProxy */;
		};
		331C2514232FFBDA00CCD151 /* PBXTargetDependency */ = {
			isa = PBXTargetDependency;
			target = 331C24F0232FFBD900CCD151 /* Trekbook */;
			targetProxy = 331C2513232FFBDA00CCD151 /* PBXContainerItemProxy */;
		};
/* End PBXTargetDependency section */

/* Begin PBXVariantGroup section */
		331C24FF232FFBDA00CCD151 /* LaunchScreen.storyboard */ = {
			isa = PBXVariantGroup;
			children = (
				331C2500232FFBDA00CCD151 /* Base */,
			);
			name = LaunchScreen.storyboard;
			sourceTree = "<group>";
		};
/* End PBXVariantGroup section */

/* Begin XCBuildConfiguration section */
		331C2519232FFBDA00CCD151 /* Debug */ = {
			isa = XCBuildConfiguration;
			buildSettings = {
				ALWAYS_SEARCH_USER_PATHS = NO;
				CLANG_ANALYZER_NONNULL = YES;
				CLANG_ANALYZER_NUMBER_OBJECT_CONVERSION = YES_AGGRESSIVE;
				CLANG_CXX_LANGUAGE_STANDARD = "gnu++14";
				CLANG_CXX_LIBRARY = "libc++";
				CLANG_ENABLE_MODULES = YES;
				CLANG_ENABLE_OBJC_ARC = YES;
				CLANG_ENABLE_OBJC_WEAK = YES;
				CLANG_WARN_BLOCK_CAPTURE_AUTORELEASING = YES;
				CLANG_WARN_BOOL_CONVERSION = YES;
				CLANG_WARN_COMMA = YES;
				CLANG_WARN_CONSTANT_CONVERSION = YES;
				CLANG_WARN_DEPRECATED_OBJC_IMPLEMENTATIONS = YES;
				CLANG_WARN_DIRECT_OBJC_ISA_USAGE = YES_ERROR;
				CLANG_WARN_DOCUMENTATION_COMMENTS = YES;
				CLANG_WARN_EMPTY_BODY = YES;
				CLANG_WARN_ENUM_CONVERSION = YES;
				CLANG_WARN_INFINITE_RECURSION = YES;
				CLANG_WARN_INT_CONVERSION = YES;
				CLANG_WARN_NON_LITERAL_NULL_CONVERSION = YES;
				CLANG_WARN_OBJC_IMPLICIT_RETAIN_SELF = YES;
				CLANG_WARN_OBJC_LITERAL_CONVERSION = YES;
				CLANG_WARN_OBJC_ROOT_CLASS = YES_ERROR;
				CLANG_WARN_RANGE_LOOP_ANALYSIS = YES;
				CLANG_WARN_STRICT_PROTOTYPES = YES;
				CLANG_WARN_SUSPICIOUS_MOVE = YES;
				CLANG_WARN_UNGUARDED_AVAILABILITY = YES_AGGRESSIVE;
				CLANG_WARN_UNREACHABLE_CODE = YES;
				CLANG_WARN__DUPLICATE_METHOD_MATCH = YES;
				COPY_PHASE_STRIP = NO;
				DEBUG_INFORMATION_FORMAT = dwarf;
				ENABLE_STRICT_OBJC_MSGSEND = YES;
				ENABLE_TESTABILITY = YES;
				GCC_C_LANGUAGE_STANDARD = gnu11;
				GCC_DYNAMIC_NO_PIC = NO;
				GCC_NO_COMMON_BLOCKS = YES;
				GCC_OPTIMIZATION_LEVEL = 0;
				GCC_PREPROCESSOR_DEFINITIONS = (
					"DEBUG=1",
					"$(inherited)",
				);
				GCC_WARN_64_TO_32_BIT_CONVERSION = YES;
				GCC_WARN_ABOUT_RETURN_TYPE = YES_ERROR;
				GCC_WARN_UNDECLARED_SELECTOR = YES;
				GCC_WARN_UNINITIALIZED_AUTOS = YES_AGGRESSIVE;
				GCC_WARN_UNUSED_FUNCTION = YES;
				GCC_WARN_UNUSED_VARIABLE = YES;
				IPHONEOS_DEPLOYMENT_TARGET = 13.0;
				MTL_ENABLE_DEBUG_INFO = INCLUDE_SOURCE;
				MTL_FAST_MATH = YES;
				ONLY_ACTIVE_ARCH = YES;
				SDKROOT = iphoneos;
				SWIFT_ACTIVE_COMPILATION_CONDITIONS = DEBUG;
				SWIFT_OPTIMIZATION_LEVEL = "-Onone";
			};
			name = Debug;
		};
		331C251A232FFBDA00CCD151 /* Release */ = {
			isa = XCBuildConfiguration;
			buildSettings = {
				ALWAYS_SEARCH_USER_PATHS = NO;
				CLANG_ANALYZER_NONNULL = YES;
				CLANG_ANALYZER_NUMBER_OBJECT_CONVERSION = YES_AGGRESSIVE;
				CLANG_CXX_LANGUAGE_STANDARD = "gnu++14";
				CLANG_CXX_LIBRARY = "libc++";
				CLANG_ENABLE_MODULES = YES;
				CLANG_ENABLE_OBJC_ARC = YES;
				CLANG_ENABLE_OBJC_WEAK = YES;
				CLANG_WARN_BLOCK_CAPTURE_AUTORELEASING = YES;
				CLANG_WARN_BOOL_CONVERSION = YES;
				CLANG_WARN_COMMA = YES;
				CLANG_WARN_CONSTANT_CONVERSION = YES;
				CLANG_WARN_DEPRECATED_OBJC_IMPLEMENTATIONS = YES;
				CLANG_WARN_DIRECT_OBJC_ISA_USAGE = YES_ERROR;
				CLANG_WARN_DOCUMENTATION_COMMENTS = YES;
				CLANG_WARN_EMPTY_BODY = YES;
				CLANG_WARN_ENUM_CONVERSION = YES;
				CLANG_WARN_INFINITE_RECURSION = YES;
				CLANG_WARN_INT_CONVERSION = YES;
				CLANG_WARN_NON_LITERAL_NULL_CONVERSION = YES;
				CLANG_WARN_OBJC_IMPLICIT_RETAIN_SELF = YES;
				CLANG_WARN_OBJC_LITERAL_CONVERSION = YES;
				CLANG_WARN_OBJC_ROOT_CLASS = YES_ERROR;
				CLANG_WARN_RANGE_LOOP_ANALYSIS = YES;
				CLANG_WARN_STRICT_PROTOTYPES = YES;
				CLANG_WARN_SUSPICIOUS_MOVE = YES;
				CLANG_WARN_UNGUARDED_AVAILABILITY = YES_AGGRESSIVE;
				CLANG_WARN_UNREACHABLE_CODE = YES;
				CLANG_WARN__DUPLICATE_METHOD_MATCH = YES;
				COPY_PHASE_STRIP = NO;
				DEBUG_INFORMATION_FORMAT = "dwarf-with-dsym";
				ENABLE_NS_ASSERTIONS = NO;
				ENABLE_STRICT_OBJC_MSGSEND = YES;
				GCC_C_LANGUAGE_STANDARD = gnu11;
				GCC_NO_COMMON_BLOCKS = YES;
				GCC_WARN_64_TO_32_BIT_CONVERSION = YES;
				GCC_WARN_ABOUT_RETURN_TYPE = YES_ERROR;
				GCC_WARN_UNDECLARED_SELECTOR = YES;
				GCC_WARN_UNINITIALIZED_AUTOS = YES_AGGRESSIVE;
				GCC_WARN_UNUSED_FUNCTION = YES;
				GCC_WARN_UNUSED_VARIABLE = YES;
				IPHONEOS_DEPLOYMENT_TARGET = 13.0;
				MTL_ENABLE_DEBUG_INFO = NO;
				MTL_FAST_MATH = YES;
				SDKROOT = iphoneos;
				SWIFT_COMPILATION_MODE = wholemodule;
				SWIFT_OPTIMIZATION_LEVEL = "-O";
				VALIDATE_PRODUCT = YES;
			};
			name = Release;
		};
		331C251C232FFBDA00CCD151 /* Debug */ = {
			isa = XCBuildConfiguration;
			buildSettings = {
				ASSETCATALOG_COMPILER_APPICON_NAME = AppIcon;
				CODE_SIGN_STYLE = Automatic;
				DEVELOPMENT_ASSET_PATHS = "\"Trekbook/Preview Content\"";
				ENABLE_PREVIEWS = YES;
				INFOPLIST_FILE = Trekbook/Info.plist;
				LD_RUNPATH_SEARCH_PATHS = (
					"$(inherited)",
					"@executable_path/Frameworks",
				);
				PRODUCT_BUNDLE_IDENTIFIER = tb.Trekbook;
				PRODUCT_NAME = "$(TARGET_NAME)";
				SWIFT_VERSION = 5.0;
				TARGETED_DEVICE_FAMILY = "1,2";
			};
			name = Debug;
		};
		331C251D232FFBDA00CCD151 /* Release */ = {
			isa = XCBuildConfiguration;
			buildSettings = {
				ASSETCATALOG_COMPILER_APPICON_NAME = AppIcon;
				CODE_SIGN_STYLE = Automatic;
				DEVELOPMENT_ASSET_PATHS = "\"Trekbook/Preview Content\"";
				ENABLE_PREVIEWS = YES;
				INFOPLIST_FILE = Trekbook/Info.plist;
				LD_RUNPATH_SEARCH_PATHS = (
					"$(inherited)",
					"@executable_path/Frameworks",
				);
				PRODUCT_BUNDLE_IDENTIFIER = tb.Trekbook;
				PRODUCT_NAME = "$(TARGET_NAME)";
				SWIFT_VERSION = 5.0;
				TARGETED_DEVICE_FAMILY = "1,2";
			};
			name = Release;
		};
		331C251F232FFBDA00CCD151 /* Debug */ = {
			isa = XCBuildConfiguration;
			buildSettings = {
				ALWAYS_EMBED_SWIFT_STANDARD_LIBRARIES = YES;
				BUNDLE_LOADER = "$(TEST_HOST)";
				CODE_SIGN_STYLE = Automatic;
				INFOPLIST_FILE = TrekbookTests/Info.plist;
				IPHONEOS_DEPLOYMENT_TARGET = 13.0;
				LD_RUNPATH_SEARCH_PATHS = (
					"$(inherited)",
					"@executable_path/Frameworks",
					"@loader_path/Frameworks",
				);
				PRODUCT_BUNDLE_IDENTIFIER = tb.TrekbookTests;
				PRODUCT_NAME = "$(TARGET_NAME)";
				SWIFT_VERSION = 5.0;
				TARGETED_DEVICE_FAMILY = "1,2";
				TEST_HOST = "$(BUILT_PRODUCTS_DIR)/Trekbook.app/Trekbook";
			};
			name = Debug;
		};
		331C2520232FFBDA00CCD151 /* Release */ = {
			isa = XCBuildConfiguration;
			buildSettings = {
				ALWAYS_EMBED_SWIFT_STANDARD_LIBRARIES = YES;
				BUNDLE_LOADER = "$(TEST_HOST)";
				CODE_SIGN_STYLE = Automatic;
				INFOPLIST_FILE = TrekbookTests/Info.plist;
				IPHONEOS_DEPLOYMENT_TARGET = 13.0;
				LD_RUNPATH_SEARCH_PATHS = (
					"$(inherited)",
					"@executable_path/Frameworks",
					"@loader_path/Frameworks",
				);
				PRODUCT_BUNDLE_IDENTIFIER = tb.TrekbookTests;
				PRODUCT_NAME = "$(TARGET_NAME)";
				SWIFT_VERSION = 5.0;
				TARGETED_DEVICE_FAMILY = "1,2";
				TEST_HOST = "$(BUILT_PRODUCTS_DIR)/Trekbook.app/Trekbook";
			};
			name = Release;
		};
		331C2522232FFBDA00CCD151 /* Debug */ = {
			isa = XCBuildConfiguration;
			buildSettings = {
				ALWAYS_EMBED_SWIFT_STANDARD_LIBRARIES = YES;
				CODE_SIGN_STYLE = Automatic;
				INFOPLIST_FILE = TrekbookUITests/Info.plist;
				LD_RUNPATH_SEARCH_PATHS = (
					"$(inherited)",
					"@executable_path/Frameworks",
					"@loader_path/Frameworks",
				);
				PRODUCT_BUNDLE_IDENTIFIER = tb.TrekbookUITests;
				PRODUCT_NAME = "$(TARGET_NAME)";
				SWIFT_VERSION = 5.0;
				TARGETED_DEVICE_FAMILY = "1,2";
				TEST_TARGET_NAME = Trekbook;
			};
			name = Debug;
		};
		331C2523232FFBDA00CCD151 /* Release */ = {
			isa = XCBuildConfiguration;
			buildSettings = {
				ALWAYS_EMBED_SWIFT_STANDARD_LIBRARIES = YES;
				CODE_SIGN_STYLE = Automatic;
				INFOPLIST_FILE = TrekbookUITests/Info.plist;
				LD_RUNPATH_SEARCH_PATHS = (
					"$(inherited)",
					"@executable_path/Frameworks",
					"@loader_path/Frameworks",
				);
				PRODUCT_BUNDLE_IDENTIFIER = tb.TrekbookUITests;
				PRODUCT_NAME = "$(TARGET_NAME)";
				SWIFT_VERSION = 5.0;
				TARGETED_DEVICE_FAMILY = "1,2";
				TEST_TARGET_NAME = Trekbook;
			};
			name = Release;
		};
/* End XCBuildConfiguration section */

/* Begin XCConfigurationList section */
		331C24EC232FFBD900CCD151 /* Build configuration list for PBXProject "Trekbook" */ = {
			isa = XCConfigurationList;
			buildConfigurations = (
				331C2519232FFBDA00CCD151 /* Debug */,
				331C251A232FFBDA00CCD151 /* Release */,
			);
			defaultConfigurationIsVisible = 0;
			defaultConfigurationName = Release;
		};
		331C251B232FFBDA00CCD151 /* Build configuration list for PBXNativeTarget "Trekbook" */ = {
			isa = XCConfigurationList;
			buildConfigurations = (
				331C251C232FFBDA00CCD151 /* Debug */,
				331C251D232FFBDA00CCD151 /* Release */,
			);
			defaultConfigurationIsVisible = 0;
			defaultConfigurationName = Release;
		};
		331C251E232FFBDA00CCD151 /* Build configuration list for PBXNativeTarget "TrekbookTests" */ = {
			isa = XCConfigurationList;
			buildConfigurations = (
				331C251F232FFBDA00CCD151 /* Debug */,
				331C2520232FFBDA00CCD151 /* Release */,
			);
			defaultConfigurationIsVisible = 0;
			defaultConfigurationName = Release;
		};
		331C2521232FFBDA00CCD151 /* Build configuration list for PBXNativeTarget "TrekbookUITests" */ = {
			isa = XCConfigurationList;
			buildConfigurations = (
				331C2522232FFBDA00CCD151 /* Debug */,
				331C2523232FFBDA00CCD151 /* Release */,
			);
			defaultConfigurationIsVisible = 0;
			defaultConfigurationName = Release;
		};
/* End XCConfigurationList section */
	};
	rootObject = 331C24E9232FFBD900CCD151 /* Project object */;
}
